
Microsoft Visual Studio Solution File, Format Version 12.00
# Visual Studio Version 16
VisualStudioVersion = 16.0.31624.102
MinimumVisualStudioVersion = 10.0.40219.1
Project("{FAE04EC0-301F-11D3-BF4B-00C04F79EFBC}") = "TasksAndParallelism", "TasksAndParallelism\TasksAndParallelism.csproj", "{09D83FE1-0420-4995-B26E-0CEDD41503F1}"
EndProject
Global
	GlobalSection(SolutionConfigurationPlatforms) = preSolution
		Debug|Any CPU = Debug|Any CPU
		Release|Any CPU = Release|Any CPU
	EndGlobalSection
	GlobalSection(ProjectConfigurationPlatforms) = postSolution
		{09D83FE1-0420-4995-B26E-0CEDD41503F1}.Debug|Any CPU.ActiveCfg = Debug|Any CPU
		{09D83FE1-0420-4995-B26E-0CEDD41503F1}.Debug|Any CPU.Build.0 = Debug|Any CPU
		{09D83FE1-0420-4995-B26E-0CEDD41503F1}.Release|Any CPU.ActiveCfg = Release|Any CPU
		{09D83FE1-0420-4995-B26E-0CEDD41503F1}.Release|Any CPU.Build.0 = Release|Any CPU
	EndGlobalSection
	GlobalSection(SolutionProperties) = preSolution
		HideSolutionNode = FALSE
	EndGlobalSection
	GlobalSection(ExtensibilityGlobals) = postSolution
		SolutionGuid = {AA16397A-C6EF-48B6-8020-C173E265C0A7}
	EndGlobalSection
EndGlobal
